
Microsoft Visual Studio Solution File, Format Version 12.00
# Visual Studio 15
VisualStudioVersion = 15.0.27130.2026
MinimumVisualStudioVersion = 10.0.40219.1
Project("{FAE04EC0-301F-11D3-BF4B-00C04F79EFBC}") = "Trein", "Trein\Trein.csproj", "{EFA8E852-1D03-4740-B174-B680626D28C6}"
EndProject
Global
	GlobalSection(SolutionConfigurationPlatforms) = preSolution
		Debug|Any CPU = Debug|Any CPU
		Release|Any CPU = Release|Any CPU
	EndGlobalSection
	GlobalSection(ProjectConfigurationPlatforms) = postSolution
		{EFA8E852-1D03-4740-B174-B680626D28C6}.Debug|Any CPU.ActiveCfg = Debug|Any CPU
		{EFA8E852-1D03-4740-B174-B680626D28C6}.Debug|Any CPU.Build.0 = Debug|Any CPU
		{EFA8E852-1D03-4740-B174-B680626D28C6}.Release|Any CPU.ActiveCfg = Release|Any CPU
		{EFA8E852-1D03-4740-B174-B680626D28C6}.Release|Any CPU.Build.0 = Release|Any CPU
	EndGlobalSection
	GlobalSection(SolutionProperties) = preSolution
		HideSolutionNode = FALSE
	EndGlobalSection
	GlobalSection(ExtensibilityGlobals) = postSolution
		SolutionGuid = {C3235FA0-492A-49F5-9574-3FA629D4759F}
	EndGlobalSection
EndGlobal
